
Microsoft Visual Studio Solution File, Format Version 12.00
# Visual Studio Version 17
VisualStudioVersion = 17.11.35327.3
MinimumVisualStudioVersion = 10.0.40219.1
Project("{FAE04EC0-301F-11D3-BF4B-00C04F79EFBC}") = "MauiAppCadastrodeEventos2", "MauiAppCadastrodeEventos2\MauiAppCadastrodeEventos2.csproj", "{09E293DE-FBF1-4BCC-930C-09587B60F969}"
EndProject
Global
	GlobalSection(SolutionConfigurationPlatforms) = preSolution
		Debug|Any CPU = Debug|Any CPU
		Release|Any CPU = Release|Any CPU
	EndGlobalSection
	GlobalSection(ProjectConfigurationPlatforms) = postSolution
		{09E293DE-FBF1-4BCC-930C-09587B60F969}.Debug|Any CPU.ActiveCfg = Debug|Any CPU
		{09E293DE-FBF1-4BCC-930C-09587B60F969}.Debug|Any CPU.Build.0 = Debug|Any CPU
		{09E293DE-FBF1-4BCC-930C-09587B60F969}.Debug|Any CPU.Deploy.0 = Debug|Any CPU
		{09E293DE-FBF1-4BCC-930C-09587B60F969}.Release|Any CPU.ActiveCfg = Release|Any CPU
		{09E293DE-FBF1-4BCC-930C-09587B60F969}.Release|Any CPU.Build.0 = Release|Any CPU
		{09E293DE-FBF1-4BCC-930C-09587B60F969}.Release|Any CPU.Deploy.0 = Release|Any CPU
	EndGlobalSection
	GlobalSection(SolutionProperties) = preSolution
		HideSolutionNode = FALSE
	EndGlobalSection
	GlobalSection(ExtensibilityGlobals) = postSolution
		SolutionGuid = {DD2E4F90-8C09-45B1-82FC-BC7E968E4C99}
	EndGlobalSection
EndGlobal
